{
  "nodes": {
    "darwin": {
      "inputs": {
        "nixpkgs": [
          "nixpkgs"
        ]
      },
      "locked": {
        "lastModified": 1617693609,
        "narHash": "sha256-/+6wm08yHK8mhyljzELD4WE9Gh8XUVbHL0R1TQpZtTQ=",
        "owner": "lnl7",
        "repo": "nix-darwin",
        "rev": "a7492a8c76dcc702d0a65cd820a5f9baa8702684",
        "type": "github"
      },
      "original": {
        "owner": "lnl7",
        "ref": "master",
        "repo": "nix-darwin",
        "type": "github"
      }
    },
    "home-manager": {
      "inputs": {
        "nixpkgs": [
          "nixpkgs"
        ]
      },
      "locked": {
        "lastModified": 1620692082,
        "narHash": "sha256-s/eBXs4OI47yPWNTKoAg4f/H7wMLyO+VEMmobXkzfI8=",
        "owner": "nix-community",
        "repo": "home-manager",
        "rev": "23769994e8f7b212d9a257799173b120ed87736b",
        "type": "github"
      },
      "original": {
        "owner": "nix-community",
        "repo": "home-manager",
        "type": "github"
      }
    },
    "nixos-hardware": {
      "locked": {
        "lastModified": 1620741111,
        "narHash": "sha256-PoiORYXwunS/xUGAI0T21D1xCNYJVl+xsxYCaBEKE7U=",
        "owner": "nixos",
        "repo": "nixos-hardware",
        "rev": "02f067b234576a08522cffc8f5fa829db9b425cf",
        "type": "github"
      },
      "original": {
        "owner": "nixos",
        "repo": "nixos-hardware",
        "type": "github"
      }
    },
    "nixos-stable": {
      "locked": {
        "lastModified": 1620737162,
        "narHash": "sha256-dFQg2c/fcBqPMz/fNvx6PyTHTpL7wGKraaikmFEougU=",
        "owner": "nixos",
        "repo": "nixpkgs",
        "rev": "6e83cfb005c6281ab10e908f6386fe1499b67feb",
        "type": "github"
      },
      "original": {
        "owner": "nixos",
        "ref": "nixos-20.09",
        "repo": "nixpkgs",
        "type": "github"
      }
    },
    "nixpkgs": {
      "locked": {
        "lastModified": 1620387763,
        "narHash": "sha256-cR6e92q0fMMol0K5a+e472F2ojjEoaEighs51pKF99I=",
        "owner": "nixos",
        "repo": "nixpkgs",
        "rev": "ae1c8ede09b53007ba9b3c32f926c9c03547ae8b",
        "type": "github"
      },
      "original": {
        "owner": "nixos",
        "ref": "nixos-unstable",
        "repo": "nixpkgs",
        "type": "github"
      }
    },
    "nixpkgs-master": {
      "locked": {
        "lastModified": 1620770485,
        "narHash": "sha256-Ic9XmAp5AJBd43ltWx6yqJUZUxysxwW9nlqpg9gUn0U=",
        "owner": "nixos",
        "repo": "nixpkgs",
        "rev": "00794f2270c27f7097be393320d679726eff622b",
        "type": "github"
      },
      "original": {
        "owner": "nixos",
        "ref": "master",
        "repo": "nixpkgs",
        "type": "github"
      }
    },
    "nixpkgs-stable-darwin": {
      "locked": {
        "lastModified": 1620737162,
        "narHash": "sha256-dFQg2c/fcBqPMz/fNvx6PyTHTpL7wGKraaikmFEougU=",
        "owner": "nixos",
        "repo": "nixpkgs",
        "rev": "6e83cfb005c6281ab10e908f6386fe1499b67feb",
        "type": "github"
      },
      "original": {
        "owner": "nixos",
        "ref": "nixpkgs-20.09-darwin",
        "repo": "nixpkgs",
        "type": "github"
      }
    },
    "nixpkgs-unstable": {
      "locked": {
        "lastModified": 1620387763,
        "narHash": "sha256-cR6e92q0fMMol0K5a+e472F2ojjEoaEighs51pKF99I=",
        "owner": "nixos",
        "repo": "nixpkgs",
        "rev": "ae1c8ede09b53007ba9b3c32f926c9c03547ae8b",
        "type": "github"
      },
      "original": {
        "owner": "nixos",
        "ref": "nixos-unstable",
        "repo": "nixpkgs",
        "type": "github"
      }
    },
    "root": {
      "inputs": {
        "darwin": "darwin",
        "home-manager": "home-manager",
        "nixos-hardware": "nixos-hardware",
        "nixos-stable": "nixos-stable",
        "nixpkgs": "nixpkgs",
        "nixpkgs-master": "nixpkgs-master",
        "nixpkgs-stable-darwin": "nixpkgs-stable-darwin",
        "nixpkgs-unstable": "nixpkgs-unstable"
      }
    }
  },
  "root": "root",
  "version": 7
}
