{
  "nodes": {
    "darwin": {
      "inputs": {
        "nixpkgs": [
          "nixpkgs"
        ]
      },
      "locked": {
        "lastModified": 1612476302,
        "narHash": "sha256-gPQy5UoFU3pdnfJjxbhC56AnaMRx0DWMzHM51EJImN0=",
        "owner": "lnl7",
        "repo": "nix-darwin",
        "rev": "dca3806552420c811e539ede2af3aa7aec665ba1",
        "type": "github"
      },
      "original": {
        "owner": "lnl7",
        "ref": "master",
        "repo": "nix-darwin",
        "type": "github"
      }
    },
    "home-manager": {
      "inputs": {
        "nixpkgs": [
          "nixpkgs"
        ]
      },
      "locked": {
        "lastModified": 1613153184,
        "narHash": "sha256-9ZIBmZuEjcxWON6zeEzCUfobTf/WTVQVOdg3gyNfhTw=",
        "owner": "nix-community",
        "repo": "home-manager",
        "rev": "1ee1d01daa19b3a6d16b5fb680c31a2bc110ce24",
        "type": "github"
      },
      "original": {
        "owner": "nix-community",
        "repo": "home-manager",
        "type": "github"
      }
    },
    "nixos-hardware": {
      "locked": {
        "lastModified": 1612981022,
        "narHash": "sha256-NKw0ntMPQw0cfNj0KzjF6QIguREEk79r6h5FMz8xbRQ=",
        "owner": "nixos",
        "repo": "nixos-hardware",
        "rev": "0cb5491af9da8d6f16540ffc4db24e2361852e46",
        "type": "github"
      },
      "original": {
        "owner": "nixos",
        "repo": "nixos-hardware",
        "type": "github"
      }
    },
    "nixos-stable": {
      "locked": {
        "lastModified": 1613208951,
        "narHash": "sha256-pxDu+9KZBnZkMcKBqSAqw1oQwTIbxTeIwcMtygLsWio=",
        "owner": "nixos",
        "repo": "nixpkgs",
        "rev": "2118cf551b9944cfdb929b8ea03556f097dd0381",
        "type": "github"
      },
      "original": {
        "owner": "nixos",
        "ref": "nixos-20.09",
        "repo": "nixpkgs",
        "type": "github"
      }
    },
    "nixpkgs": {
      "locked": {
        "lastModified": 1613226215,
        "narHash": "sha256-3rA5cGIrBHD6yeKhNhsF7/t461ww25oJY8KyBb0IhjU=",
        "owner": "nixos",
        "repo": "nixpkgs",
        "rev": "ff96a0fa5635770390b184ae74debea75c3fd534",
        "type": "github"
      },
      "original": {
        "owner": "nixos",
        "ref": "nixos-unstable",
        "repo": "nixpkgs",
        "type": "github"
      }
    },
    "nixpkgs-master": {
      "locked": {
        "lastModified": 1613422469,
        "narHash": "sha256-XNLJufPrdzASFEdB78yW319A2KpJRjHaEdjbOKkYPl8=",
        "owner": "nixos",
        "repo": "nixpkgs",
        "rev": "c70a8c8d9252a59f8ccc0c32a62b022ab58f1ff6",
        "type": "github"
      },
      "original": {
        "owner": "nixos",
        "ref": "master",
        "repo": "nixpkgs",
        "type": "github"
      }
    },
    "nixpkgs-stable-darwin": {
      "locked": {
        "lastModified": 1613323106,
        "narHash": "sha256-A6i0MZOaMQ3cK+GzLKkXt6sMNhekMMO12CduMNMFisk=",
        "owner": "nixos",
        "repo": "nixpkgs",
        "rev": "6d19fa61ea4f8b590935cc7f1c60839fe9ad0ba6",
        "type": "github"
      },
      "original": {
        "owner": "nixos",
        "ref": "nixpkgs-20.09-darwin",
        "repo": "nixpkgs",
        "type": "github"
      }
    },
    "nixpkgs-unstable": {
      "locked": {
        "lastModified": 1613226215,
        "narHash": "sha256-3rA5cGIrBHD6yeKhNhsF7/t461ww25oJY8KyBb0IhjU=",
        "owner": "nixos",
        "repo": "nixpkgs",
        "rev": "ff96a0fa5635770390b184ae74debea75c3fd534",
        "type": "github"
      },
      "original": {
        "owner": "nixos",
        "ref": "nixos-unstable",
        "repo": "nixpkgs",
        "type": "github"
      }
    },
    "root": {
      "inputs": {
        "darwin": "darwin",
        "home-manager": "home-manager",
        "nixos-hardware": "nixos-hardware",
        "nixos-stable": "nixos-stable",
        "nixpkgs": "nixpkgs",
        "nixpkgs-master": "nixpkgs-master",
        "nixpkgs-stable-darwin": "nixpkgs-stable-darwin",
        "nixpkgs-unstable": "nixpkgs-unstable"
      }
    }
  },
  "root": "root",
  "version": 7
}
